
Microsoft Visual Studio Solution File, Format Version 12.00
# Visual Studio Version 17
VisualStudioVersion = 17.7.34221.43
MinimumVisualStudioVersion = 10.0.40219.1
Project("{FAE04EC0-301F-11D3-BF4B-00C04F79EFBC}") = "Calculadora", "WindowsFormsApp1\Calculadora.csproj", "{12280B6D-FA47-47AB-9D4E-F9FF50929044}"
EndProject
Project("{FAE04EC0-301F-11D3-BF4B-00C04F79EFBC}") = "Clases", "Clases\Clases.csproj", "{89E729F1-39B7-4B3B-AF70-EB02F1A8A638}"
EndProject
Global
	GlobalSection(SolutionConfigurationPlatforms) = preSolution
		Debug|Any CPU = Debug|Any CPU
		Release|Any CPU = Release|Any CPU
	EndGlobalSection
	GlobalSection(ProjectConfigurationPlatforms) = postSolution
		{12280B6D-FA47-47AB-9D4E-F9FF50929044}.Debug|Any CPU.ActiveCfg = Debug|Any CPU
		{12280B6D-FA47-47AB-9D4E-F9FF50929044}.Debug|Any CPU.Build.0 = Debug|Any CPU
		{12280B6D-FA47-47AB-9D4E-F9FF50929044}.Release|Any CPU.ActiveCfg = Release|Any CPU
		{12280B6D-FA47-47AB-9D4E-F9FF50929044}.Release|Any CPU.Build.0 = Release|Any CPU
		{89E729F1-39B7-4B3B-AF70-EB02F1A8A638}.Debug|Any CPU.ActiveCfg = Debug|Any CPU
		{89E729F1-39B7-4B3B-AF70-EB02F1A8A638}.Debug|Any CPU.Build.0 = Debug|Any CPU
		{89E729F1-39B7-4B3B-AF70-EB02F1A8A638}.Release|Any CPU.ActiveCfg = Release|Any CPU
		{89E729F1-39B7-4B3B-AF70-EB02F1A8A638}.Release|Any CPU.Build.0 = Release|Any CPU
	EndGlobalSection
	GlobalSection(SolutionProperties) = preSolution
		HideSolutionNode = FALSE
	EndGlobalSection
	GlobalSection(ExtensibilityGlobals) = postSolution
		SolutionGuid = {6ACE7230-97DE-457C-8213-2CCEC9C395FF}
	EndGlobalSection
EndGlobal
